
Microsoft Visual Studio Solution File, Format Version 12.00
# Visual Studio Version 17
VisualStudioVersion = 17.0.31903.59
MinimumVisualStudioVersion = 10.0.40219.1
Project("{FAE04EC0-301F-11D3-BF4B-00C04F79EFBC}") = "AutoAuction.Web", "AutoAuction.Web\AutoAuction.Web.csproj", "{F5C7DFD5-425D-47AB-AFB5-FFFA25A33608}"
EndProject
Project("{FAE04EC0-301F-11D3-BF4B-00C04F79EFBC}") = "AutoAuction.Application", "AutoAuction.Application\AutoAuction.Application.csproj", "{D83C66BC-20F7-436B-AB58-AD9443470A9C}"
EndProject
Project("{FAE04EC0-301F-11D3-BF4B-00C04F79EFBC}") = "AutoAuction.Domain", "AutoAuction.Domain\AutoAuction.Domain.csproj", "{A8C4FC41-749B-45AE-939C-7F43A89D527C}"
EndProject
Project("{FAE04EC0-301F-11D3-BF4B-00C04F79EFBC}") = "AutoAuction.Infrastructure", "AutoAuction.Infrastructure\AutoAuction.Infrastructure.csproj", "{0BB1A47D-6B02-4084-88C5-0A202DE96D6A}"
EndProject
Project("{FAE04EC0-301F-11D3-BF4B-00C04F79EFBC}") = "AutoAuction.Tests", "AutoAuction.Tests\AutoAuction.Tests.csproj", "{81C59C36-2213-4146-8895-6AE878369416}"
EndProject
Global
	GlobalSection(SolutionConfigurationPlatforms) = preSolution
		Debug|Any CPU = Debug|Any CPU
		Debug|x64 = Debug|x64
		Debug|x86 = Debug|x86
		Release|Any CPU = Release|Any CPU
		Release|x64 = Release|x64
		Release|x86 = Release|x86
	EndGlobalSection
	GlobalSection(ProjectConfigurationPlatforms) = postSolution
		{F5C7DFD5-425D-47AB-AFB5-FFFA25A33608}.Debug|Any CPU.ActiveCfg = Debug|Any CPU
		{F5C7DFD5-425D-47AB-AFB5-FFFA25A33608}.Debug|Any CPU.Build.0 = Debug|Any CPU
		{F5C7DFD5-425D-47AB-AFB5-FFFA25A33608}.Debug|x64.ActiveCfg = Debug|Any CPU
		{F5C7DFD5-425D-47AB-AFB5-FFFA25A33608}.Debug|x64.Build.0 = Debug|Any CPU
		{F5C7DFD5-425D-47AB-AFB5-FFFA25A33608}.Debug|x86.ActiveCfg = Debug|Any CPU
		{F5C7DFD5-425D-47AB-AFB5-FFFA25A33608}.Debug|x86.Build.0 = Debug|Any CPU
		{F5C7DFD5-425D-47AB-AFB5-FFFA25A33608}.Release|Any CPU.ActiveCfg = Release|Any CPU
		{F5C7DFD5-425D-47AB-AFB5-FFFA25A33608}.Release|Any CPU.Build.0 = Release|Any CPU
		{F5C7DFD5-425D-47AB-AFB5-FFFA25A33608}.Release|x64.ActiveCfg = Release|Any CPU
		{F5C7DFD5-425D-47AB-AFB5-FFFA25A33608}.Release|x64.Build.0 = Release|Any CPU
		{F5C7DFD5-425D-47AB-AFB5-FFFA25A33608}.Release|x86.ActiveCfg = Release|Any CPU
		{F5C7DFD5-425D-47AB-AFB5-FFFA25A33608}.Release|x86.Build.0 = Release|Any CPU
		{D83C66BC-20F7-436B-AB58-AD9443470A9C}.Debug|Any CPU.ActiveCfg = Debug|Any CPU
		{D83C66BC-20F7-436B-AB58-AD9443470A9C}.Debug|Any CPU.Build.0 = Debug|Any CPU
		{D83C66BC-20F7-436B-AB58-AD9443470A9C}.Debug|x64.ActiveCfg = Debug|Any CPU
		{D83C66BC-20F7-436B-AB58-AD9443470A9C}.Debug|x64.Build.0 = Debug|Any CPU
		{D83C66BC-20F7-436B-AB58-AD9443470A9C}.Debug|x86.ActiveCfg = Debug|Any CPU
		{D83C66BC-20F7-436B-AB58-AD9443470A9C}.Debug|x86.Build.0 = Debug|Any CPU
		{D83C66BC-20F7-436B-AB58-AD9443470A9C}.Release|Any CPU.ActiveCfg = Release|Any CPU
		{D83C66BC-20F7-436B-AB58-AD9443470A9C}.Release|Any CPU.Build.0 = Release|Any CPU
		{D83C66BC-20F7-436B-AB58-AD9443470A9C}.Release|x64.ActiveCfg = Release|Any CPU
		{D83C66BC-20F7-436B-AB58-AD9443470A9C}.Release|x64.Build.0 = Release|Any CPU
		{D83C66BC-20F7-436B-AB58-AD9443470A9C}.Release|x86.ActiveCfg = Release|Any CPU
		{D83C66BC-20F7-436B-AB58-AD9443470A9C}.Release|x86.Build.0 = Release|Any CPU
		{A8C4FC41-749B-45AE-939C-7F43A89D527C}.Debug|Any CPU.ActiveCfg = Debug|Any CPU
		{A8C4FC41-749B-45AE-939C-7F43A89D527C}.Debug|Any CPU.Build.0 = Debug|Any CPU
		{A8C4FC41-749B-45AE-939C-7F43A89D527C}.Debug|x64.ActiveCfg = Debug|Any CPU
		{A8C4FC41-749B-45AE-939C-7F43A89D527C}.Debug|x64.Build.0 = Debug|Any CPU
		{A8C4FC41-749B-45AE-939C-7F43A89D527C}.Debug|x86.ActiveCfg = Debug|Any CPU
		{A8C4FC41-749B-45AE-939C-7F43A89D527C}.Debug|x86.Build.0 = Debug|Any CPU
		{A8C4FC41-749B-45AE-939C-7F43A89D527C}.Release|Any CPU.ActiveCfg = Release|Any CPU
		{A8C4FC41-749B-45AE-939C-7F43A89D527C}.Release|Any CPU.Build.0 = Release|Any CPU
		{A8C4FC41-749B-45AE-939C-7F43A89D527C}.Release|x64.ActiveCfg = Release|Any CPU
		{A8C4FC41-749B-45AE-939C-7F43A89D527C}.Release|x64.Build.0 = Release|Any CPU
		{A8C4FC41-749B-45AE-939C-7F43A89D527C}.Release|x86.ActiveCfg = Release|Any CPU
		{A8C4FC41-749B-45AE-939C-7F43A89D527C}.Release|x86.Build.0 = Release|Any CPU
		{0BB1A47D-6B02-4084-88C5-0A202DE96D6A}.Debug|Any CPU.ActiveCfg = Debug|Any CPU
		{0BB1A47D-6B02-4084-88C5-0A202DE96D6A}.Debug|Any CPU.Build.0 = Debug|Any CPU
		{0BB1A47D-6B02-4084-88C5-0A202DE96D6A}.Debug|x64.ActiveCfg = Debug|Any CPU
		{0BB1A47D-6B02-4084-88C5-0A202DE96D6A}.Debug|x64.Build.0 = Debug|Any CPU
		{0BB1A47D-6B02-4084-88C5-0A202DE96D6A}.Debug|x86.ActiveCfg = Debug|Any CPU
		{0BB1A47D-6B02-4084-88C5-0A202DE96D6A}.Debug|x86.Build.0 = Debug|Any CPU
		{0BB1A47D-6B02-4084-88C5-0A202DE96D6A}.Release|Any CPU.ActiveCfg = Release|Any CPU
		{0BB1A47D-6B02-4084-88C5-0A202DE96D6A}.Release|Any CPU.Build.0 = Release|Any CPU
		{0BB1A47D-6B02-4084-88C5-0A202DE96D6A}.Release|x64.ActiveCfg = Release|Any CPU
		{0BB1A47D-6B02-4084-88C5-0A202DE96D6A}.Release|x64.Build.0 = Release|Any CPU
		{0BB1A47D-6B02-4084-88C5-0A202DE96D6A}.Release|x86.ActiveCfg = Release|Any CPU
		{0BB1A47D-6B02-4084-88C5-0A202DE96D6A}.Release|x86.Build.0 = Release|Any CPU
		{81C59C36-2213-4146-8895-6AE878369416}.Debug|Any CPU.ActiveCfg = Debug|Any CPU
		{81C59C36-2213-4146-8895-6AE878369416}.Debug|Any CPU.Build.0 = Debug|Any CPU
		{81C59C36-2213-4146-8895-6AE878369416}.Debug|x64.ActiveCfg = Debug|Any CPU
		{81C59C36-2213-4146-8895-6AE878369416}.Debug|x64.Build.0 = Debug|Any CPU
		{81C59C36-2213-4146-8895-6AE878369416}.Debug|x86.ActiveCfg = Debug|Any CPU
		{81C59C36-2213-4146-8895-6AE878369416}.Debug|x86.Build.0 = Debug|Any CPU
		{81C59C36-2213-4146-8895-6AE878369416}.Release|Any CPU.ActiveCfg = Release|Any CPU
		{81C59C36-2213-4146-8895-6AE878369416}.Release|Any CPU.Build.0 = Release|Any CPU
		{81C59C36-2213-4146-8895-6AE878369416}.Release|x64.ActiveCfg = Release|Any CPU
		{81C59C36-2213-4146-8895-6AE878369416}.Release|x64.Build.0 = Release|Any CPU
		{81C59C36-2213-4146-8895-6AE878369416}.Release|x86.ActiveCfg = Release|Any CPU
		{81C59C36-2213-4146-8895-6AE878369416}.Release|x86.Build.0 = Release|Any CPU
	EndGlobalSection
	GlobalSection(SolutionProperties) = preSolution
		HideSolutionNode = FALSE
	EndGlobalSection
EndGlobal
